
Microsoft Visual Studio Solution File, Format Version 12.00
# Visual Studio Version 17
VisualStudioVersion = 17.11.35327.3
MinimumVisualStudioVersion = 10.0.40219.1
Project("{FAE04EC0-301F-11D3-BF4B-00C04F79EFBC}") = "CreativeGroupsAPI", "CreativeGroupsAPI\CreativeGroupsAPI.csproj", "{057A4EE4-EAD9-47FF-BA83-2EB70EE79837}"
EndProject
Global
	GlobalSection(SolutionConfigurationPlatforms) = preSolution
		Debug|Any CPU = Debug|Any CPU
		Release|Any CPU = Release|Any CPU
	EndGlobalSection
	GlobalSection(ProjectConfigurationPlatforms) = postSolution
		{057A4EE4-EAD9-47FF-BA83-2EB70EE79837}.Debug|Any CPU.ActiveCfg = Debug|Any CPU
		{057A4EE4-EAD9-47FF-BA83-2EB70EE79837}.Debug|Any CPU.Build.0 = Debug|Any CPU
		{057A4EE4-EAD9-47FF-BA83-2EB70EE79837}.Release|Any CPU.ActiveCfg = Release|Any CPU
		{057A4EE4-EAD9-47FF-BA83-2EB70EE79837}.Release|Any CPU.Build.0 = Release|Any CPU
	EndGlobalSection
	GlobalSection(SolutionProperties) = preSolution
		HideSolutionNode = FALSE
	EndGlobalSection
	GlobalSection(ExtensibilityGlobals) = postSolution
		SolutionGuid = {7511623A-BEB9-4803-867F-5722647A7058}
	EndGlobalSection
EndGlobal
